
Microsoft Visual Studio Solution File, Format Version 12.00
# Visual Studio Version 16
VisualStudioVersion = 16.0.29102.190
MinimumVisualStudioVersion = 10.0.40219.1
Project("{2150E333-8FDC-42A3-9474-1A3956D46DE8}") = "Services", "Services", "{E4397B8D-157A-47DA-ADD7-C072AD928C7F}"
EndProject
Project("{2150E333-8FDC-42A3-9474-1A3956D46DE8}") = "WebApps", "WebApps", "{06F435DA-5EDB-4903-A965-068375B76CBB}"
EndProject
Project("{2150E333-8FDC-42A3-9474-1A3956D46DE8}") = "Cadastros", "Cadastros", "{87131DA5-AEB9-46F8-9240-1FDC3DA57280}"
EndProject
Project("{2150E333-8FDC-42A3-9474-1A3956D46DE8}") = "Catalogo", "Catalogo", "{DC55C2B3-D6E9-487C-BBA1-7965CE4E5EE4}"
EndProject
Project("{2150E333-8FDC-42A3-9474-1A3956D46DE8}") = "Core", "Core", "{AC5DE0B5-5338-4CFA-955C-4EE36638F68E}"
EndProject
Project("{2150E333-8FDC-42A3-9474-1A3956D46DE8}") = "Fiscal", "Fiscal", "{D399DF64-1018-4316-840E-2164B5AA814A}"
EndProject
Project("{2150E333-8FDC-42A3-9474-1A3956D46DE8}") = "Pagamentos", "Pagamentos", "{F8035D83-41F0-480D-931C-E05D2E9D504A}"
EndProject
Project("{2150E333-8FDC-42A3-9474-1A3956D46DE8}") = "Vendas", "Vendas", "{5169B66E-752E-41CA-B1B8-FFBE670E55A9}"
EndProject
Project("{9A19103F-16F7-4668-BE54-9A1E7A4F7556}") = "NerdStore.Catalogo.Domain", "src\NerdStore.Catalogo.Domain\NerdStore.Catalogo.Domain.csproj", "{6A461185-7C82-4EA7-94B4-EC9C35D0368F}"
EndProject
Project("{9A19103F-16F7-4668-BE54-9A1E7A4F7556}") = "NerdStore.Core", "src\NerdStore.Core\NerdStore.Core.csproj", "{9D729B3D-2E4F-4B99-95BF-88E234CE0A6A}"
EndProject
Project("{2150E333-8FDC-42A3-9474-1A3956D46DE8}") = "Tests", "Tests", "{156D3E98-40FC-4EF6-B8B2-638F39F35BE3}"
EndProject
Project("{FAE04EC0-301F-11D3-BF4B-00C04F79EFBC}") = "NerdStore.Catalogo.Domain.Tests", "tests\NerdStore.Catalogo.Domain.Tests\NerdStore.Catalogo.Domain.Tests.csproj", "{BB34DEC4-848B-4D35-95F3-2E1A18647008}"
EndProject
Project("{FAE04EC0-301F-11D3-BF4B-00C04F79EFBC}") = "NerdStore.Catalogo.Data", "src\NerdStore.Catalogo.Data\NerdStore.Catalogo.Data.csproj", "{D92A1723-E740-4E5D-A455-03F6C055796B}"
EndProject
Global
	GlobalSection(SolutionConfigurationPlatforms) = preSolution
		Debug|Any CPU = Debug|Any CPU
		Release|Any CPU = Release|Any CPU
	EndGlobalSection
	GlobalSection(ProjectConfigurationPlatforms) = postSolution
		{6A461185-7C82-4EA7-94B4-EC9C35D0368F}.Debug|Any CPU.ActiveCfg = Debug|Any CPU
		{6A461185-7C82-4EA7-94B4-EC9C35D0368F}.Debug|Any CPU.Build.0 = Debug|Any CPU
		{6A461185-7C82-4EA7-94B4-EC9C35D0368F}.Release|Any CPU.ActiveCfg = Release|Any CPU
		{6A461185-7C82-4EA7-94B4-EC9C35D0368F}.Release|Any CPU.Build.0 = Release|Any CPU
		{9D729B3D-2E4F-4B99-95BF-88E234CE0A6A}.Debug|Any CPU.ActiveCfg = Debug|Any CPU
		{9D729B3D-2E4F-4B99-95BF-88E234CE0A6A}.Debug|Any CPU.Build.0 = Debug|Any CPU
		{9D729B3D-2E4F-4B99-95BF-88E234CE0A6A}.Release|Any CPU.ActiveCfg = Release|Any CPU
		{9D729B3D-2E4F-4B99-95BF-88E234CE0A6A}.Release|Any CPU.Build.0 = Release|Any CPU
		{BB34DEC4-848B-4D35-95F3-2E1A18647008}.Debug|Any CPU.ActiveCfg = Debug|Any CPU
		{BB34DEC4-848B-4D35-95F3-2E1A18647008}.Debug|Any CPU.Build.0 = Debug|Any CPU
		{BB34DEC4-848B-4D35-95F3-2E1A18647008}.Release|Any CPU.ActiveCfg = Release|Any CPU
		{BB34DEC4-848B-4D35-95F3-2E1A18647008}.Release|Any CPU.Build.0 = Release|Any CPU
		{D92A1723-E740-4E5D-A455-03F6C055796B}.Debug|Any CPU.ActiveCfg = Debug|Any CPU
		{D92A1723-E740-4E5D-A455-03F6C055796B}.Debug|Any CPU.Build.0 = Debug|Any CPU
		{D92A1723-E740-4E5D-A455-03F6C055796B}.Release|Any CPU.ActiveCfg = Release|Any CPU
		{D92A1723-E740-4E5D-A455-03F6C055796B}.Release|Any CPU.Build.0 = Release|Any CPU
	EndGlobalSection
	GlobalSection(SolutionProperties) = preSolution
		HideSolutionNode = FALSE
	EndGlobalSection
	GlobalSection(NestedProjects) = preSolution
		{87131DA5-AEB9-46F8-9240-1FDC3DA57280} = {E4397B8D-157A-47DA-ADD7-C072AD928C7F}
		{DC55C2B3-D6E9-487C-BBA1-7965CE4E5EE4} = {E4397B8D-157A-47DA-ADD7-C072AD928C7F}
		{AC5DE0B5-5338-4CFA-955C-4EE36638F68E} = {E4397B8D-157A-47DA-ADD7-C072AD928C7F}
		{D399DF64-1018-4316-840E-2164B5AA814A} = {E4397B8D-157A-47DA-ADD7-C072AD928C7F}
		{F8035D83-41F0-480D-931C-E05D2E9D504A} = {E4397B8D-157A-47DA-ADD7-C072AD928C7F}
		{5169B66E-752E-41CA-B1B8-FFBE670E55A9} = {E4397B8D-157A-47DA-ADD7-C072AD928C7F}
		{6A461185-7C82-4EA7-94B4-EC9C35D0368F} = {DC55C2B3-D6E9-487C-BBA1-7965CE4E5EE4}
		{9D729B3D-2E4F-4B99-95BF-88E234CE0A6A} = {AC5DE0B5-5338-4CFA-955C-4EE36638F68E}
		{156D3E98-40FC-4EF6-B8B2-638F39F35BE3} = {DC55C2B3-D6E9-487C-BBA1-7965CE4E5EE4}
		{BB34DEC4-848B-4D35-95F3-2E1A18647008} = {156D3E98-40FC-4EF6-B8B2-638F39F35BE3}
		{D92A1723-E740-4E5D-A455-03F6C055796B} = {DC55C2B3-D6E9-487C-BBA1-7965CE4E5EE4}
	EndGlobalSection
	GlobalSection(ExtensibilityGlobals) = postSolution
		SolutionGuid = {E89C745B-BD12-459B-80D4-E427D1503C5A}
	EndGlobalSection
EndGlobal
